
Microsoft Visual Studio Solution File, Format Version 12.00
# Visual Studio 14
VisualStudioVersion = 14.0.25420.1
MinimumVisualStudioVersion = 10.0.40219.1
Project("{FAE04EC0-301F-11D3-BF4B-00C04F79EFBC}") = "Program-Testujacy", "Program-Testujacy\Program-Testujacy.csproj", "{89091B17-03F5-45C2-88E0-05549B22BE08}"
EndProject
Global
	GlobalSection(SolutionConfigurationPlatforms) = preSolution
		Debug|Any CPU = Debug|Any CPU
		Release|Any CPU = Release|Any CPU
	EndGlobalSection
	GlobalSection(ProjectConfigurationPlatforms) = postSolution
		{89091B17-03F5-45C2-88E0-05549B22BE08}.Debug|Any CPU.ActiveCfg = Debug|Any CPU
		{89091B17-03F5-45C2-88E0-05549B22BE08}.Debug|Any CPU.Build.0 = Debug|Any CPU
		{89091B17-03F5-45C2-88E0-05549B22BE08}.Release|Any CPU.ActiveCfg = Release|Any CPU
		{89091B17-03F5-45C2-88E0-05549B22BE08}.Release|Any CPU.Build.0 = Release|Any CPU
	EndGlobalSection
	GlobalSection(SolutionProperties) = preSolution
		HideSolutionNode = FALSE
	EndGlobalSection
EndGlobal
